{
  "name": "lekoala-silverstripe-admini",
  "lockfileVersion": 2,
  "requires": true,
  "packages": {
    "": {
      "name": "lekoala-silverstripe-admini",
      "license": "MIT",
      "dependencies": {
        "admini": "git://github.com/lekoala/admini.git#346b780db2a5311bc39aeca7ed9f34cbc6488909"
      }
    },
    "node_modules/@popperjs/core": {
      "version": "2.11.8",
      "resolved": "https://registry.npmjs.org/@popperjs/core/-/core-2.11.8.tgz",
      "integrity": "sha512-P1st0aksCrn9sGZhp8GMYwBnQsbvAWsZAX44oXNNvLHGqAOcoVxmjZiohstwQ7SqKnbR47akdNi+uleWD8+g6A==",
      "peer": true,
      "funding": {
        "type": "opencollective",
        "url": "https://opencollective.com/popperjs"
      }
    },
    "node_modules/admini": {
      "version": "1.8.3",
      "resolved": "git+ssh://git@github.com/lekoala/admini.git#346b780db2a5311bc39aeca7ed9f34cbc6488909",
      "integrity": "sha512-+UjB3cFqziAT8vRb43sHEwp29PmMKCh9u47r73qNUavE/ESIHaGkoBCnvpstVdRm4kM6VI7HF+DvJZoglOiCfg==",
      "license": "MIT",
      "dependencies": {
        "bootstrap": "^5.3.1",
        "bs-companion": "^1.3.6",
        "last-icon": "^2.2.0"
      }
    },
    "node_modules/bootstrap": {
      "version": "5.3.1",
      "resolved": "https://registry.npmjs.org/bootstrap/-/bootstrap-5.3.1.tgz",
      "integrity": "sha512-jzwza3Yagduci2x0rr9MeFSORjcHpt0lRZukZPZQJT1Dth5qzV7XcgGqYzi39KGAVYR8QEDVoO0ubFKOxzMG+g==",
      "funding": [
        {
          "type": "github",
          "url": "https://github.com/sponsors/twbs"
        },
        {
          "type": "opencollective",
          "url": "https://opencollective.com/bootstrap"
        }
      ],
      "peerDependencies": {
        "@popperjs/core": "^2.11.8"
      }
    },
    "node_modules/bs-companion": {
      "version": "1.3.6",
      "resolved": "https://registry.npmjs.org/bs-companion/-/bs-companion-1.3.6.tgz",
      "integrity": "sha512-QAoMNKuDXMtV87BV/IiqjgZu2ppP7k7Bgsm+dS6rei9egjH8RLAJYcdCzMl43rpON44BUmph++d+BO0PEi+Vjg==",
      "dependencies": {
        "bootstrap": "^5.3.0"
      }
    },
    "node_modules/last-icon": {
      "version": "2.2.0",
      "resolved": "https://registry.npmjs.org/last-icon/-/last-icon-2.2.0.tgz",
      "integrity": "sha512-HG0m1D7D81zV0f66itxmlsSehpRHrJDIbJpK7R5JhOi1Pu5S7o0lO+0Hxgd7DwQWj/MAJL9ir0BFyvCzSk0LQg=="
    }
  },
  "dependencies": {
    "@popperjs/core": {
      "version": "2.11.8",
      "resolved": "https://registry.npmjs.org/@popperjs/core/-/core-2.11.8.tgz",
      "integrity": "sha512-P1st0aksCrn9sGZhp8GMYwBnQsbvAWsZAX44oXNNvLHGqAOcoVxmjZiohstwQ7SqKnbR47akdNi+uleWD8+g6A==",
      "peer": true
    },
    "admini": {
      "version": "git+ssh://git@github.com/lekoala/admini.git#346b780db2a5311bc39aeca7ed9f34cbc6488909",
      "integrity": "sha512-+UjB3cFqziAT8vRb43sHEwp29PmMKCh9u47r73qNUavE/ESIHaGkoBCnvpstVdRm4kM6VI7HF+DvJZoglOiCfg==",
      "from": "admini@git://github.com/lekoala/admini.git#346b780db2a5311bc39aeca7ed9f34cbc6488909",
      "requires": {
        "bootstrap": "^5.3.1",
        "bs-companion": "^1.3.6",
        "last-icon": "^2.2.0"
      }
    },
    "bootstrap": {
      "version": "5.3.1",
      "resolved": "https://registry.npmjs.org/bootstrap/-/bootstrap-5.3.1.tgz",
      "integrity": "sha512-jzwza3Yagduci2x0rr9MeFSORjcHpt0lRZukZPZQJT1Dth5qzV7XcgGqYzi39KGAVYR8QEDVoO0ubFKOxzMG+g==",
      "requires": {}
    },
    "bs-companion": {
      "version": "1.3.6",
      "resolved": "https://registry.npmjs.org/bs-companion/-/bs-companion-1.3.6.tgz",
      "integrity": "sha512-QAoMNKuDXMtV87BV/IiqjgZu2ppP7k7Bgsm+dS6rei9egjH8RLAJYcdCzMl43rpON44BUmph++d+BO0PEi+Vjg==",
      "requires": {
        "bootstrap": "^5.3.0"
      }
    },
    "last-icon": {
      "version": "2.2.0",
      "resolved": "https://registry.npmjs.org/last-icon/-/last-icon-2.2.0.tgz",
      "integrity": "sha512-HG0m1D7D81zV0f66itxmlsSehpRHrJDIbJpK7R5JhOi1Pu5S7o0lO+0Hxgd7DwQWj/MAJL9ir0BFyvCzSk0LQg=="
    }
  }
}
