{
  "name": "lekoala-silverstripe-admini",
  "lockfileVersion": 2,
  "requires": true,
  "packages": {
    "": {
      "name": "lekoala-silverstripe-admini",
      "license": "MIT",
      "dependencies": {
        "admini": "git://github.com/lekoala/admini.git#master"
      }
    },
    "node_modules/@popperjs/core": {
      "version": "2.11.5",
      "resolved": "https://registry.npmjs.org/@popperjs/core/-/core-2.11.5.tgz",
      "integrity": "sha512-9X2obfABZuDVLCgPK9aX0a/x4jaOEweTTWE2+9sr0Qqqevj2Uv5XorvusThmc9XGYpS9yI+fhh8RTafBtGposw==",
      "peer": true,
      "funding": {
        "type": "opencollective",
        "url": "https://opencollective.com/popperjs"
      }
    },
    "node_modules/@thednp/event-listener": {
      "version": "1.0.4",
      "resolved": "https://registry.npmjs.org/@thednp/event-listener/-/event-listener-1.0.4.tgz",
      "integrity": "sha512-EAYzsRiNPdb1yWeisu0WCGUtloHD6P6IpGekJxgBvPR2qNFuMsfQI3XAq+LEJiFKIGKF503JoRfjHcGTO2F+Pw=="
    },
    "node_modules/@thednp/shorty": {
      "version": "1.0.3",
      "resolved": "https://registry.npmjs.org/@thednp/shorty/-/shorty-1.0.3.tgz",
      "integrity": "sha512-PPaERUGmRpi2eWxYUV5yv/pvalPgPOjwKRmRqGMWGuV8xgkvxgtjKIiFJA2D2ei4l4Ih9mEBktDg6Z9+y+To9Q=="
    },
    "node_modules/admini": {
      "version": "1.4.1",
      "resolved": "git+ssh://git@github.com/lekoala/admini.git#d4ddc55a89e61d2fee8877cce9ec8f5e8fcc0e5d",
      "license": "MIT",
      "dependencies": {
        "bootstrap": "5.2.0-beta1",
        "bootstrap.native": " ^4.2",
        "bootstrap5-tags": "^1.4.34",
        "cleave.js": "^1.6.0",
        "flatpickr": "^4.6.13",
        "js-cookie": "^3.0.1",
        "last-icon": "^1.3.3",
        "superfile": "^1.2.1"
      }
    },
    "node_modules/bootstrap": {
      "version": "5.2.0-beta1",
      "resolved": "https://registry.npmjs.org/bootstrap/-/bootstrap-5.2.0-beta1.tgz",
      "integrity": "sha512-6qbgs177WZEFY4SLQUq3tEHayYG80nfDmyTpdKi0MJqRMdS+HAoq24+YKfx6wf+nHY0rx8zrh477J1lFu4WzOA==",
      "funding": [
        {
          "type": "github",
          "url": "https://github.com/sponsors/twbs"
        },
        {
          "type": "opencollective",
          "url": "https://opencollective.com/bootstrap"
        }
      ],
      "peerDependencies": {
        "@popperjs/core": "^2.11.5"
      }
    },
    "node_modules/bootstrap.native": {
      "version": "4.2.0",
      "resolved": "https://registry.npmjs.org/bootstrap.native/-/bootstrap.native-4.2.0.tgz",
      "integrity": "sha512-KefLTHN76MI/bwPUTipTYtU2YcQPf1ATUmtx8zzTqbx0BVvopp+dFGws23+rEcdnA6N0lff/k8Qs7xgEScb3Dg==",
      "dependencies": {
        "@thednp/event-listener": "^1.0.4",
        "@thednp/shorty": "^1.0.3"
      }
    },
    "node_modules/bootstrap5-tags": {
      "version": "1.4.34",
      "resolved": "https://registry.npmjs.org/bootstrap5-tags/-/bootstrap5-tags-1.4.34.tgz",
      "integrity": "sha512-BCaAN2P2evv04Ccvz4+eiyzcls+rcsK/ZeqRLZt5pVqawOZ+epewZOoI6XG7bJMzR2dCi+oIrskfUMw4661OGQ=="
    },
    "node_modules/cleave.js": {
      "version": "1.6.0",
      "resolved": "https://registry.npmjs.org/cleave.js/-/cleave.js-1.6.0.tgz",
      "integrity": "sha512-ivqesy3j5hQVG3gywPfwKPbi/7ZSftY/UNp5uphnqjr25yI2CP8FS2ODQPzuLXXnNLi29e2+PgPkkiKUXLs/Nw=="
    },
    "node_modules/flatpickr": {
      "version": "4.6.13",
      "resolved": "https://registry.npmjs.org/flatpickr/-/flatpickr-4.6.13.tgz",
      "integrity": "sha512-97PMG/aywoYpB4IvbvUJi0RQi8vearvU0oov1WW3k0WZPBMrTQVqekSX5CjSG/M4Q3i6A/0FKXC7RyAoAUUSPw=="
    },
    "node_modules/js-cookie": {
      "version": "3.0.1",
      "resolved": "https://registry.npmjs.org/js-cookie/-/js-cookie-3.0.1.tgz",
      "integrity": "sha512-+0rgsUXZu4ncpPxRL+lNEptWMOWl9etvPHc/koSRp6MPwpRYAhmk0dUG00J4bxVV3r9uUzfo24wW0knS07SKSw==",
      "engines": {
        "node": ">=12"
      }
    },
    "node_modules/last-icon": {
      "version": "1.3.3",
      "resolved": "https://registry.npmjs.org/last-icon/-/last-icon-1.3.3.tgz",
      "integrity": "sha512-/H6M23I1R3cg6XHH0vhBf5ohcRpwoTh4JN5npTWQT6LpDvHvT8uAZX/+3Az/L4OiAX7ukSaM4GH8CKPE9QRABQ=="
    },
    "node_modules/superfile": {
      "version": "1.2.1",
      "resolved": "https://registry.npmjs.org/superfile/-/superfile-1.2.1.tgz",
      "integrity": "sha512-jV4/sNGhOlCBFa6Si3nrf2QEVquv8xgvLxiavTYIWlOPzOynl4bRKfj9AXCzdNkq2bUeHBxqAQAimPlZJ3CpWA=="
    }
  },
  "dependencies": {
    "@popperjs/core": {
      "version": "2.11.5",
      "resolved": "https://registry.npmjs.org/@popperjs/core/-/core-2.11.5.tgz",
      "integrity": "sha512-9X2obfABZuDVLCgPK9aX0a/x4jaOEweTTWE2+9sr0Qqqevj2Uv5XorvusThmc9XGYpS9yI+fhh8RTafBtGposw==",
      "peer": true
    },
    "@thednp/event-listener": {
      "version": "1.0.4",
      "resolved": "https://registry.npmjs.org/@thednp/event-listener/-/event-listener-1.0.4.tgz",
      "integrity": "sha512-EAYzsRiNPdb1yWeisu0WCGUtloHD6P6IpGekJxgBvPR2qNFuMsfQI3XAq+LEJiFKIGKF503JoRfjHcGTO2F+Pw=="
    },
    "@thednp/shorty": {
      "version": "1.0.3",
      "resolved": "https://registry.npmjs.org/@thednp/shorty/-/shorty-1.0.3.tgz",
      "integrity": "sha512-PPaERUGmRpi2eWxYUV5yv/pvalPgPOjwKRmRqGMWGuV8xgkvxgtjKIiFJA2D2ei4l4Ih9mEBktDg6Z9+y+To9Q=="
    },
    "admini": {
      "version": "git+ssh://git@github.com/lekoala/admini.git#d4ddc55a89e61d2fee8877cce9ec8f5e8fcc0e5d",
      "from": "admini@git://github.com/lekoala/admini.git#master",
      "requires": {
        "bootstrap": "5.2.0-beta1",
        "bootstrap.native": " ^4.2",
        "bootstrap5-tags": "^1.4.34",
        "cleave.js": "^1.6.0",
        "flatpickr": "^4.6.13",
        "js-cookie": "^3.0.1",
        "last-icon": "^1.3.3",
        "superfile": "^1.2.1"
      }
    },
    "bootstrap": {
      "version": "5.2.0-beta1",
      "resolved": "https://registry.npmjs.org/bootstrap/-/bootstrap-5.2.0-beta1.tgz",
      "integrity": "sha512-6qbgs177WZEFY4SLQUq3tEHayYG80nfDmyTpdKi0MJqRMdS+HAoq24+YKfx6wf+nHY0rx8zrh477J1lFu4WzOA==",
      "requires": {}
    },
    "bootstrap.native": {
      "version": "4.2.0",
      "resolved": "https://registry.npmjs.org/bootstrap.native/-/bootstrap.native-4.2.0.tgz",
      "integrity": "sha512-KefLTHN76MI/bwPUTipTYtU2YcQPf1ATUmtx8zzTqbx0BVvopp+dFGws23+rEcdnA6N0lff/k8Qs7xgEScb3Dg==",
      "requires": {
        "@thednp/event-listener": "^1.0.4",
        "@thednp/shorty": "^1.0.3"
      }
    },
    "bootstrap5-tags": {
      "version": "1.4.34",
      "resolved": "https://registry.npmjs.org/bootstrap5-tags/-/bootstrap5-tags-1.4.34.tgz",
      "integrity": "sha512-BCaAN2P2evv04Ccvz4+eiyzcls+rcsK/ZeqRLZt5pVqawOZ+epewZOoI6XG7bJMzR2dCi+oIrskfUMw4661OGQ=="
    },
    "cleave.js": {
      "version": "1.6.0",
      "resolved": "https://registry.npmjs.org/cleave.js/-/cleave.js-1.6.0.tgz",
      "integrity": "sha512-ivqesy3j5hQVG3gywPfwKPbi/7ZSftY/UNp5uphnqjr25yI2CP8FS2ODQPzuLXXnNLi29e2+PgPkkiKUXLs/Nw=="
    },
    "flatpickr": {
      "version": "4.6.13",
      "resolved": "https://registry.npmjs.org/flatpickr/-/flatpickr-4.6.13.tgz",
      "integrity": "sha512-97PMG/aywoYpB4IvbvUJi0RQi8vearvU0oov1WW3k0WZPBMrTQVqekSX5CjSG/M4Q3i6A/0FKXC7RyAoAUUSPw=="
    },
    "js-cookie": {
      "version": "3.0.1",
      "resolved": "https://registry.npmjs.org/js-cookie/-/js-cookie-3.0.1.tgz",
      "integrity": "sha512-+0rgsUXZu4ncpPxRL+lNEptWMOWl9etvPHc/koSRp6MPwpRYAhmk0dUG00J4bxVV3r9uUzfo24wW0knS07SKSw=="
    },
    "last-icon": {
      "version": "1.3.3",
      "resolved": "https://registry.npmjs.org/last-icon/-/last-icon-1.3.3.tgz",
      "integrity": "sha512-/H6M23I1R3cg6XHH0vhBf5ohcRpwoTh4JN5npTWQT6LpDvHvT8uAZX/+3Az/L4OiAX7ukSaM4GH8CKPE9QRABQ=="
    },
    "superfile": {
      "version": "1.2.1",
      "resolved": "https://registry.npmjs.org/superfile/-/superfile-1.2.1.tgz",
      "integrity": "sha512-jV4/sNGhOlCBFa6Si3nrf2QEVquv8xgvLxiavTYIWlOPzOynl4bRKfj9AXCzdNkq2bUeHBxqAQAimPlZJ3CpWA=="
    }
  }
}
